# This file is automatically @generated by Cargo.
# It is not intended for manual editing.
version = 4

[[package]]
name = "compiler_builtins"
version = "0.1.160"
source = "registry+https://github.com/rust-lang/crates.io-index"
checksum = "6376049cfa92c0aa8b9ac95fae22184b981c658208d4ed8a1dc553cd83612895"

[[package]]
name = "libm"
version = "0.2.15"
source = "registry+https://github.com/rust-lang/crates.io-index"
checksum = "f9fbbcab51052fe104eb5e5d351cf728d30a5be1fe14d9be8a3b097481fb97de"

[[package]]
name = "safa-abi"
version = "0.5.4"
source = "git+https://github.com/SafaOS/safa-abi#3fbd1db53cd976181ff80fb4f5977aba3399b3a3"

[[package]]
name = "safa-api"
version = "0.4.3"
source = "git+https://github.com/SafaOS/safa-api#f39a9ca830bbed67dab601460d1686006830bc34"
dependencies = [
 "safa-abi",
 "simpldns",
]

[[package]]
name = "salibc"
version = "0.1.0"
dependencies = [
 "compiler_builtins",
 "libm",
 "safa-api",
]

[[package]]
name = "simpldns"
version = "0.1.0"
source = "registry+https://github.com/rust-lang/crates.io-index"
checksum = "a029d10222caeab29cc754ba77433f50bf9fed96d6f8c8d6a413ea314e42686d"
